
Microsoft Visual Studio Solution File, Format Version 12.00
# Visual Studio Version 17
VisualStudioVersion = 17.2.32526.322
MinimumVisualStudioVersion = 10.0.40219.1
Project("{9A19103F-16F7-4668-BE54-9A1E7A4F7556}") = "VehicleAdvertisementSystem", "VehicleAdvertisementSystem\VehicleAdvertisementSystem.csproj", "{097471F3-CC78-4F81-8FBF-8E6014FCBD1B}"
EndProject
Project("{2150E333-8FDC-42A3-9474-1A3956D46DE8}") = "Solution Items", "Solution Items", "{DAD98B9F-D23B-4BDE-A203-4C7FB383C624}"
	ProjectSection(SolutionItems) = preProject
		.editorconfig = .editorconfig
	EndProjectSection
EndProject
Global
	GlobalSection(SolutionConfigurationPlatforms) = preSolution
		Debug|Any CPU = Debug|Any CPU
		Release|Any CPU = Release|Any CPU
	EndGlobalSection
	GlobalSection(ProjectConfigurationPlatforms) = postSolution
		{097471F3-CC78-4F81-8FBF-8E6014FCBD1B}.Debug|Any CPU.ActiveCfg = Debug|Any CPU
		{097471F3-CC78-4F81-8FBF-8E6014FCBD1B}.Debug|Any CPU.Build.0 = Debug|Any CPU
		{097471F3-CC78-4F81-8FBF-8E6014FCBD1B}.Release|Any CPU.ActiveCfg = Release|Any CPU
		{097471F3-CC78-4F81-8FBF-8E6014FCBD1B}.Release|Any CPU.Build.0 = Release|Any CPU
	EndGlobalSection
	GlobalSection(SolutionProperties) = preSolution
		HideSolutionNode = FALSE
	EndGlobalSection
	GlobalSection(ExtensibilityGlobals) = postSolution
		SolutionGuid = {7A040677-C037-40C3-944E-15000AD53D83}
	EndGlobalSection
EndGlobal
